{
  "projects": [
    {
      "projectId": "k36LaA3jKH2iM5TPziRS5u",
      "version": "latest",
      "dependencies": {},
      "lang": "js",
      "fileLocks": [
        {
          "type": "globalVariant",
          "assetId": "kOpWzg9HWoz5",
          "checksum": "76e24dbe385c870f2011b1d0cad7bca6"
        },
        {
          "assetId": "k36LaA3jKH2iM5TPziRS5u",
          "type": "projectCss",
          "checksum": "ec1d24a855d04d8fd0e9758e76dce91f"
        },
        {
          "type": "renderModule",
          "assetId": "55SfFbG6tvO",
          "checksum": "c3e4daf9cf9408a2bf92699e5c275cc2"
        },
        {
          "type": "cssRules",
          "assetId": "55SfFbG6tvO",
          "checksum": "c3e4daf9cf9408a2bf92699e5c275cc2"
        },
        {
          "type": "renderModule",
          "assetId": "NkVrI3GO6004",
          "checksum": "4296f3bf38d913e7d6764e32ac5ecfbb"
        },
        {
          "type": "cssRules",
          "assetId": "NkVrI3GO6004",
          "checksum": "4296f3bf38d913e7d6764e32ac5ecfbb"
        },
        {
          "type": "renderModule",
          "assetId": "EJWJhtYFDSVc",
          "checksum": "1e81bbc400baa5a94d1eea489a38e5d8"
        },
        {
          "type": "cssRules",
          "assetId": "EJWJhtYFDSVc",
          "checksum": "1e81bbc400baa5a94d1eea489a38e5d8"
        },
        {
          "type": "renderModule",
          "assetId": "i0ETAkGaBWuO",
          "checksum": "8c35e1baf40c3fd6161346ccdca49e8a"
        },
        {
          "type": "cssRules",
          "assetId": "i0ETAkGaBWuO",
          "checksum": "8c35e1baf40c3fd6161346ccdca49e8a"
        },
        {
          "type": "renderModule",
          "assetId": "jXHOU-n1RyP7",
          "checksum": "1ce32121f7dd7cfa6a0e23af3af38236"
        },
        {
          "type": "cssRules",
          "assetId": "jXHOU-n1RyP7",
          "checksum": "1ce32121f7dd7cfa6a0e23af3af38236"
        },
        {
          "type": "renderModule",
          "assetId": "Ok_KF8Py5Yw_",
          "checksum": "18022ad7b3f4e3eabb20b28cc88f2cce"
        },
        {
          "type": "cssRules",
          "assetId": "Ok_KF8Py5Yw_",
          "checksum": "18022ad7b3f4e3eabb20b28cc88f2cce"
        },
        {
          "type": "renderModule",
          "assetId": "4DJONi-I_EwX",
          "checksum": "ad6724871dabb2a5a1b95eff4c69a5d2"
        },
        {
          "type": "cssRules",
          "assetId": "4DJONi-I_EwX",
          "checksum": "ad6724871dabb2a5a1b95eff4c69a5d2"
        },
        {
          "type": "renderModule",
          "assetId": "Mld2i06c5Ki6",
          "checksum": "4b384b82542c3a5ebb8809a78bba3c9f"
        },
        {
          "type": "cssRules",
          "assetId": "Mld2i06c5Ki6",
          "checksum": "4b384b82542c3a5ebb8809a78bba3c9f"
        },
        {
          "type": "renderModule",
          "assetId": "Dlety9QsrxSq",
          "checksum": "447303d9b3e7ff61f8120db1dd525bbe"
        },
        {
          "type": "cssRules",
          "assetId": "Dlety9QsrxSq",
          "checksum": "447303d9b3e7ff61f8120db1dd525bbe"
        },
        {
          "type": "renderModule",
          "assetId": "zwc6F9r4_dw2",
          "checksum": "1806220626c1e36ab09344b8c72091ea"
        },
        {
          "type": "cssRules",
          "assetId": "zwc6F9r4_dw2",
          "checksum": "1806220626c1e36ab09344b8c72091ea"
        },
        {
          "type": "renderModule",
          "assetId": "F4KXRmAXjpHy",
          "checksum": "670e21dbd10a9ef432e51b7f80894f05"
        },
        {
          "type": "cssRules",
          "assetId": "F4KXRmAXjpHy",
          "checksum": "670e21dbd10a9ef432e51b7f80894f05"
        },
        {
          "type": "renderModule",
          "assetId": "gmJAhrNU82Dm",
          "checksum": "b6852488d1f24ea99b83da90894d3b41"
        },
        {
          "type": "cssRules",
          "assetId": "gmJAhrNU82Dm",
          "checksum": "b6852488d1f24ea99b83da90894d3b41"
        },
        {
          "type": "renderModule",
          "assetId": "3xLYAsovFYjh",
          "checksum": "076be932d4244992362366792f6c2637"
        },
        {
          "type": "cssRules",
          "assetId": "3xLYAsovFYjh",
          "checksum": "076be932d4244992362366792f6c2637"
        },
        {
          "type": "renderModule",
          "assetId": "jqelQqelLk2-",
          "checksum": "408347a2a0e9427b491dde84b78fd15c"
        },
        {
          "type": "cssRules",
          "assetId": "jqelQqelLk2-",
          "checksum": "408347a2a0e9427b491dde84b78fd15c"
        },
        {
          "type": "renderModule",
          "assetId": "YYTRJBaRqGOS",
          "checksum": "7067e6bb4bc6b5c52078e509e7ace36e"
        },
        {
          "type": "cssRules",
          "assetId": "YYTRJBaRqGOS",
          "checksum": "7067e6bb4bc6b5c52078e509e7ace36e"
        },
        {
          "type": "renderModule",
          "assetId": "Xk8GwvmxiqfA",
          "checksum": "45691d7ecdca1b9100e4c6fe874c4c46"
        },
        {
          "type": "cssRules",
          "assetId": "Xk8GwvmxiqfA",
          "checksum": "45691d7ecdca1b9100e4c6fe874c4c46"
        },
        {
          "type": "renderModule",
          "assetId": "7nU-ZRx9lp",
          "checksum": "7b16d93a937904b130270280d343f36c"
        },
        {
          "type": "cssRules",
          "assetId": "7nU-ZRx9lp",
          "checksum": "7b16d93a937904b130270280d343f36c"
        },
        {
          "type": "renderModule",
          "assetId": "hTB0LhmAXD",
          "checksum": "1a55bf9a5c4df6039a780e3332bb930e"
        },
        {
          "type": "cssRules",
          "assetId": "hTB0LhmAXD",
          "checksum": "1a55bf9a5c4df6039a780e3332bb930e"
        },
        {
          "type": "icon",
          "assetId": "tbKcG59mk9ZX",
          "checksum": "90f88921edee5657c04902db696f857a"
        },
        {
          "type": "icon",
          "assetId": "RoCaqJFHpKVj",
          "checksum": "b4a11cf98b7317908fa363b5f64bb1e2"
        },
        {
          "type": "icon",
          "assetId": "Iq_VFz2Elfnl",
          "checksum": "60910981d1e512318920ef958752297b"
        },
        {
          "type": "icon",
          "assetId": "w9Vcfgh7-Aj1",
          "checksum": "ea2cb1a52aff9dbe1cff5f152babfad9"
        },
        {
          "type": "icon",
          "assetId": "vFYiCcTeIKCz",
          "checksum": "90453cc771d48d2e264900ae075aff5f"
        },
        {
          "type": "icon",
          "assetId": "Pvsn9yfHzaBc",
          "checksum": "00aa6be5d5889291b355ceb4180be4c9"
        },
        {
          "type": "icon",
          "assetId": "OkgQp3b-B1mn",
          "checksum": "d7c23a17fd80d28464d268e2e5f01fd4"
        },
        {
          "type": "icon",
          "assetId": "ruR9HNWOXbU6",
          "checksum": "f0224ac13ef121c97433cfcf48b62fd6"
        },
        {
          "type": "icon",
          "assetId": "B8syVhP8zscZ",
          "checksum": "0945a6313b394dda803bffa5d27496d3"
        },
        {
          "type": "icon",
          "assetId": "Xk51FS5KwJdQ",
          "checksum": "8acd7d567958d3714de3d23783d409bf"
        },
        {
          "type": "icon",
          "assetId": "qYtrlDl6sBUN",
          "checksum": "734a3ad2894f34657f395c40c1b40a8d"
        },
        {
          "type": "icon",
          "assetId": "RIFZNPb9l1Tn",
          "checksum": "1225a5881299a8407aac060d21201881"
        },
        {
          "type": "icon",
          "assetId": "u80FOZkOkJ5o",
          "checksum": "8718bf9affcad00717abd83cbbc0c6e7"
        },
        {
          "type": "icon",
          "assetId": "hugGGdbqJFf3",
          "checksum": "cfb269ce73de6d524eca062d6cd0ed93"
        },
        {
          "type": "icon",
          "assetId": "_Hbykpf2nna3",
          "checksum": "c582947ca12769614adbcc1353f378a8"
        },
        {
          "type": "icon",
          "assetId": "A6u7xdH0pyLU",
          "checksum": "83aaf25efce9b67706a2604772940fe5"
        },
        {
          "type": "icon",
          "assetId": "PfPpTJ1kXqey",
          "checksum": "731b76bb438326bc75f669b4cca0b8bf"
        },
        {
          "type": "image",
          "assetId": "gklc4mWJuhSA",
          "checksum": "08a709b0de1b94b1a299981822ca38d2"
        },
        {
          "type": "image",
          "assetId": "tPEEkYwc_tms",
          "checksum": "05e01c544a0be8c89f66f2ec2e6492e0"
        },
        {
          "type": "image",
          "assetId": "niLKKmQeVqUT",
          "checksum": "5e70ef806d3789ad475b7aed38e8e1ca"
        },
        {
          "type": "image",
          "assetId": "sDf0GOqzVMoj",
          "checksum": "81acd721a4c5378f9c6ecb994cebe69f"
        },
        {
          "type": "image",
          "assetId": "NCDoBVLBaE8k",
          "checksum": "ba6c9e95a22824382a1d4da83589975c"
        },
        {
          "type": "image",
          "assetId": "jfgcwXaQCiRy",
          "checksum": "718567aa404a91b5a309cce5af7c2ed6"
        },
        {
          "type": "image",
          "assetId": "ZCBHeQ8RY5ae",
          "checksum": "4cc8fe9c40a87caa73280d237885d8b5"
        },
        {
          "type": "image",
          "assetId": "obJjmQCnwP2L",
          "checksum": "bd1a8e5009567fb73162436078b8ffa8"
        },
        {
          "type": "image",
          "assetId": "cee_ja8GlJO6",
          "checksum": "85bfe228014c54131ae0780404e7da62"
        },
        {
          "type": "image",
          "assetId": "EQz6v59gw4xI",
          "checksum": "e27a5e52924f173d8eaee2a31981d218"
        },
        {
          "type": "image",
          "assetId": "6-1LV5vb70bl",
          "checksum": "aef0ec3280a29bc2cd50697acd87dd40"
        },
        {
          "type": "image",
          "assetId": "mamKeNRqOy2W",
          "checksum": "ec507adcc0abad7ef3a3feaffbdce928"
        },
        {
          "type": "image",
          "assetId": "AhQn1f3MNKHY",
          "checksum": "6bef77d8b3efac6bc03828955d7084ba"
        },
        {
          "type": "image",
          "assetId": "dH3SY18UTZ7u",
          "checksum": "6a3a4b0fc18d361f805fb349d9969332"
        },
        {
          "type": "image",
          "assetId": "gwVt3zgSNbJ0",
          "checksum": "dfefacd9c81a34749d4363824afa380a"
        },
        {
          "type": "image",
          "assetId": "ulU8GooVn8IQ",
          "checksum": "6f6181d3c245447ef4a0ae5dfd931e20"
        },
        {
          "type": "image",
          "assetId": "3EFY_49Yv7R7",
          "checksum": "3acf01d2483efd016815aba68dc01b2e"
        },
        {
          "type": "image",
          "assetId": "kIO-ReCcANji",
          "checksum": "5cd94cdb34e74f9963c905b0ce7797d2"
        },
        {
          "type": "image",
          "assetId": "jHkuCDGsfhQ2",
          "checksum": "bf8ac7639ae0fe3addcd39dacce9cafc"
        },
        {
          "type": "image",
          "assetId": "g_YYhgctwN1q",
          "checksum": "0d5692fc243423dcd89c7f300c2c69b3"
        }
      ]
    }
  ],
  "cliVersion": "0.1.166"
}
